{
  "originHash" : "c2740abff31a8b81d7912c00ca0a5a9378e794f2ed28709f586843ff865c3265",
  "pins" : [
    {
      "identity" : "grovs-ios",
      "kind" : "remoteSourceControl",
      "location" : "https://github.com/grovs-io/grovs-iOS",
      "state" : {
        "revision" : "90b8bd1f6f920699374b573030c01b24629852db",
        "version" : "3.0.0"
      }
    }
  ],
  "version" : 3
}
