{
  "originHash" : "c2740abff31a8b81d7912c00ca0a5a9378e794f2ed28709f586843ff865c3265",
  "pins" : [
    {
      "identity" : "grovs-ios",
      "kind" : "remoteSourceControl",
      "location" : "https://github.com/grovs-io/grovs-iOS",
      "state" : {
        "revision" : "cea11bf2ea927fc741068c3b422d999a26241d25",
        "version" : "1.5.0"
      }
    }
  ],
  "version" : 3
}
